
Microsoft Visual Studio Solution File, Format Version 12.00
# Visual Studio Version 17
VisualStudioVersion = 17.1.32319.34
MinimumVisualStudioVersion = 10.0.40219.1
Project("{9A19103F-16F7-4668-BE54-9A1E7A4F7556}") = "RunnersBlogMVC", "RunnersBlogMVC.csproj", "{D24C7F63-F785-41BC-BCDB-0DD4E91877FC}"
EndProject
Project("{9A19103F-16F7-4668-BE54-9A1E7A4F7556}") = "RunnersBlogMVC.UnitTests", "..\RunnersBlog.UnitTests\RunnersBlogMVC.UnitTests.csproj", "{58776C35-138F-4631-8F59-DA43D881DE9B}"
EndProject
Project("{00D1A9C2-B5F0-4AF3-8072-F6C62B433612}") = "MainDB", "..\MainDB\MainDB.sqlproj", "{249308C9-53DB-4D56-87F3-14448E6C3847}"
EndProject
Project("{9A19103F-16F7-4668-BE54-9A1E7A4F7556}") = "DataAccessLayer", "..\DataAccessLayer\DataAccessLayer.csproj", "{4E569FB3-8889-4729-AD4A-0673AE5414E4}"
EndProject
Project("{FAE04EC0-301F-11D3-BF4B-00C04F79EFBC}") = "DataAccessLayer.UnitTests", "..\DataAccessLayer.UnitTests\DataAccessLayer.UnitTests.csproj", "{69383E50-B28C-4583-9CB4-E422BB716706}"
EndProject
Project("{2150E333-8FDC-42A3-9474-1A3956D46DE8}") = "UnitTests", "UnitTests", "{847C1658-80A1-437D-BB51-6A04EB6B011A}"
EndProject
Project("{2150E333-8FDC-42A3-9474-1A3956D46DE8}") = "Database", "Database", "{B5781D70-781F-4417-9F53-43BF3C8F341B}"
EndProject
Global
	GlobalSection(SolutionConfigurationPlatforms) = preSolution
		Debug|Any CPU = Debug|Any CPU
		Release|Any CPU = Release|Any CPU
	EndGlobalSection
	GlobalSection(ProjectConfigurationPlatforms) = postSolution
		{D24C7F63-F785-41BC-BCDB-0DD4E91877FC}.Debug|Any CPU.ActiveCfg = Debug|Any CPU
		{D24C7F63-F785-41BC-BCDB-0DD4E91877FC}.Debug|Any CPU.Build.0 = Debug|Any CPU
		{D24C7F63-F785-41BC-BCDB-0DD4E91877FC}.Release|Any CPU.ActiveCfg = Release|Any CPU
		{D24C7F63-F785-41BC-BCDB-0DD4E91877FC}.Release|Any CPU.Build.0 = Release|Any CPU
		{58776C35-138F-4631-8F59-DA43D881DE9B}.Debug|Any CPU.ActiveCfg = Debug|Any CPU
		{58776C35-138F-4631-8F59-DA43D881DE9B}.Debug|Any CPU.Build.0 = Debug|Any CPU
		{58776C35-138F-4631-8F59-DA43D881DE9B}.Release|Any CPU.ActiveCfg = Release|Any CPU
		{58776C35-138F-4631-8F59-DA43D881DE9B}.Release|Any CPU.Build.0 = Release|Any CPU
		{249308C9-53DB-4D56-87F3-14448E6C3847}.Debug|Any CPU.ActiveCfg = Debug|Any CPU
		{249308C9-53DB-4D56-87F3-14448E6C3847}.Debug|Any CPU.Build.0 = Debug|Any CPU
		{249308C9-53DB-4D56-87F3-14448E6C3847}.Debug|Any CPU.Deploy.0 = Debug|Any CPU
		{249308C9-53DB-4D56-87F3-14448E6C3847}.Release|Any CPU.ActiveCfg = Release|Any CPU
		{249308C9-53DB-4D56-87F3-14448E6C3847}.Release|Any CPU.Build.0 = Release|Any CPU
		{249308C9-53DB-4D56-87F3-14448E6C3847}.Release|Any CPU.Deploy.0 = Release|Any CPU
		{4E569FB3-8889-4729-AD4A-0673AE5414E4}.Debug|Any CPU.ActiveCfg = Debug|Any CPU
		{4E569FB3-8889-4729-AD4A-0673AE5414E4}.Debug|Any CPU.Build.0 = Debug|Any CPU
		{4E569FB3-8889-4729-AD4A-0673AE5414E4}.Release|Any CPU.ActiveCfg = Release|Any CPU
		{4E569FB3-8889-4729-AD4A-0673AE5414E4}.Release|Any CPU.Build.0 = Release|Any CPU
		{69383E50-B28C-4583-9CB4-E422BB716706}.Debug|Any CPU.ActiveCfg = Debug|Any CPU
		{69383E50-B28C-4583-9CB4-E422BB716706}.Debug|Any CPU.Build.0 = Debug|Any CPU
		{69383E50-B28C-4583-9CB4-E422BB716706}.Release|Any CPU.ActiveCfg = Release|Any CPU
		{69383E50-B28C-4583-9CB4-E422BB716706}.Release|Any CPU.Build.0 = Release|Any CPU
	EndGlobalSection
	GlobalSection(SolutionProperties) = preSolution
		HideSolutionNode = FALSE
	EndGlobalSection
	GlobalSection(NestedProjects) = preSolution
		{58776C35-138F-4631-8F59-DA43D881DE9B} = {847C1658-80A1-437D-BB51-6A04EB6B011A}
		{249308C9-53DB-4D56-87F3-14448E6C3847} = {B5781D70-781F-4417-9F53-43BF3C8F341B}
		{69383E50-B28C-4583-9CB4-E422BB716706} = {847C1658-80A1-437D-BB51-6A04EB6B011A}
	EndGlobalSection
	GlobalSection(ExtensibilityGlobals) = postSolution
		SolutionGuid = {6A1879EE-470C-4F41-812C-DA8CBFBE3E7F}
	EndGlobalSection
EndGlobal
